
Microsoft Visual Studio Solution File, Format Version 12.00
# Visual Studio Version 17
VisualStudioVersion = 17.0.31903.59
MinimumVisualStudioVersion = 10.0.40219.1
Project("{FAE04EC0-301F-11D3-BF4B-00C04F79EFBC}") = "HackerNews.Api", "HackerNews.Api\HackerNews.Api.csproj", "{C6D8EC05-BF7E-44B0-910E-C2FF613A3419}"
EndProject
Project("{FAE04EC0-301F-11D3-BF4B-00C04F79EFBC}") = "HackerNews.Tests", "HackerNews.Tests\HackerNews.Tests.csproj", "{7775BF33-7CF4-4BEC-B753-8DE0E9D8A362}"
EndProject
Project("{FAE04EC0-301F-11D3-BF4B-00C04F79EFBC}") = "HackerNews.IntegrationTests", "HackerNews.IntegrationTests\HackerNews.IntegrationTests.csproj", "{F4A9BD3E-9CB3-4244-85B2-BB8A6769210A}"
EndProject
Global
	GlobalSection(SolutionConfigurationPlatforms) = preSolution
		Debug|Any CPU = Debug|Any CPU
		Debug|x64 = Debug|x64
		Debug|x86 = Debug|x86
		Release|Any CPU = Release|Any CPU
		Release|x64 = Release|x64
		Release|x86 = Release|x86
	EndGlobalSection
	GlobalSection(ProjectConfigurationPlatforms) = postSolution
		{C6D8EC05-BF7E-44B0-910E-C2FF613A3419}.Debug|Any CPU.ActiveCfg = Debug|Any CPU
		{C6D8EC05-BF7E-44B0-910E-C2FF613A3419}.Debug|Any CPU.Build.0 = Debug|Any CPU
		{C6D8EC05-BF7E-44B0-910E-C2FF613A3419}.Debug|x64.ActiveCfg = Debug|Any CPU
		{C6D8EC05-BF7E-44B0-910E-C2FF613A3419}.Debug|x64.Build.0 = Debug|Any CPU
		{C6D8EC05-BF7E-44B0-910E-C2FF613A3419}.Debug|x86.ActiveCfg = Debug|Any CPU
		{C6D8EC05-BF7E-44B0-910E-C2FF613A3419}.Debug|x86.Build.0 = Debug|Any CPU
		{C6D8EC05-BF7E-44B0-910E-C2FF613A3419}.Release|Any CPU.ActiveCfg = Release|Any CPU
		{C6D8EC05-BF7E-44B0-910E-C2FF613A3419}.Release|Any CPU.Build.0 = Release|Any CPU
		{C6D8EC05-BF7E-44B0-910E-C2FF613A3419}.Release|x64.ActiveCfg = Release|Any CPU
		{C6D8EC05-BF7E-44B0-910E-C2FF613A3419}.Release|x64.Build.0 = Release|Any CPU
		{C6D8EC05-BF7E-44B0-910E-C2FF613A3419}.Release|x86.ActiveCfg = Release|Any CPU
		{C6D8EC05-BF7E-44B0-910E-C2FF613A3419}.Release|x86.Build.0 = Release|Any CPU
		{7775BF33-7CF4-4BEC-B753-8DE0E9D8A362}.Debug|Any CPU.ActiveCfg = Debug|Any CPU
		{7775BF33-7CF4-4BEC-B753-8DE0E9D8A362}.Debug|Any CPU.Build.0 = Debug|Any CPU
		{7775BF33-7CF4-4BEC-B753-8DE0E9D8A362}.Debug|x64.ActiveCfg = Debug|Any CPU
		{7775BF33-7CF4-4BEC-B753-8DE0E9D8A362}.Debug|x64.Build.0 = Debug|Any CPU
		{7775BF33-7CF4-4BEC-B753-8DE0E9D8A362}.Debug|x86.ActiveCfg = Debug|Any CPU
		{7775BF33-7CF4-4BEC-B753-8DE0E9D8A362}.Debug|x86.Build.0 = Debug|Any CPU
		{7775BF33-7CF4-4BEC-B753-8DE0E9D8A362}.Release|Any CPU.ActiveCfg = Release|Any CPU
		{7775BF33-7CF4-4BEC-B753-8DE0E9D8A362}.Release|Any CPU.Build.0 = Release|Any CPU
		{7775BF33-7CF4-4BEC-B753-8DE0E9D8A362}.Release|x64.ActiveCfg = Release|Any CPU
		{7775BF33-7CF4-4BEC-B753-8DE0E9D8A362}.Release|x64.Build.0 = Release|Any CPU
		{7775BF33-7CF4-4BEC-B753-8DE0E9D8A362}.Release|x86.ActiveCfg = Release|Any CPU
		{7775BF33-7CF4-4BEC-B753-8DE0E9D8A362}.Release|x86.Build.0 = Release|Any CPU
		{F4A9BD3E-9CB3-4244-85B2-BB8A6769210A}.Debug|Any CPU.ActiveCfg = Debug|Any CPU
		{F4A9BD3E-9CB3-4244-85B2-BB8A6769210A}.Debug|Any CPU.Build.0 = Debug|Any CPU
		{F4A9BD3E-9CB3-4244-85B2-BB8A6769210A}.Debug|x64.ActiveCfg = Debug|Any CPU
		{F4A9BD3E-9CB3-4244-85B2-BB8A6769210A}.Debug|x64.Build.0 = Debug|Any CPU
		{F4A9BD3E-9CB3-4244-85B2-BB8A6769210A}.Debug|x86.ActiveCfg = Debug|Any CPU
		{F4A9BD3E-9CB3-4244-85B2-BB8A6769210A}.Debug|x86.Build.0 = Debug|Any CPU
		{F4A9BD3E-9CB3-4244-85B2-BB8A6769210A}.Release|Any CPU.ActiveCfg = Release|Any CPU
		{F4A9BD3E-9CB3-4244-85B2-BB8A6769210A}.Release|Any CPU.Build.0 = Release|Any CPU
		{F4A9BD3E-9CB3-4244-85B2-BB8A6769210A}.Release|x64.ActiveCfg = Release|Any CPU
		{F4A9BD3E-9CB3-4244-85B2-BB8A6769210A}.Release|x64.Build.0 = Release|Any CPU
		{F4A9BD3E-9CB3-4244-85B2-BB8A6769210A}.Release|x86.ActiveCfg = Release|Any CPU
		{F4A9BD3E-9CB3-4244-85B2-BB8A6769210A}.Release|x86.Build.0 = Release|Any CPU
	EndGlobalSection
	GlobalSection(SolutionProperties) = preSolution
		HideSolutionNode = FALSE
	EndGlobalSection
EndGlobal
